
Microsoft Visual Studio Solution File, Format Version 12.00
# Visual Studio Version 16
VisualStudioVersion = 16.0.35026.282
MinimumVisualStudioVersion = 10.0.40219.1
Project("{FAE04EC0-301F-11D3-BF4B-00C04F79EFBC}") = "MSC.Hub.OrderProcessor", "MSC.Hub.OrderProcessor\MSC.Hub.OrderProcessor.btproj", "{11EBC96D-44ED-4EC4-8400-20D3D42E3C96}"
EndProject
Global
	GlobalSection(SolutionConfigurationPlatforms) = preSolution
		Debug|Any CPU = Debug|Any CPU
		Release|Any CPU = Release|Any CPU
	EndGlobalSection
	GlobalSection(ProjectConfigurationPlatforms) = postSolution
		{11EBC96D-44ED-4EC4-8400-20D3D42E3C96}.Debug|Any CPU.ActiveCfg = Debug|Any CPU
		{11EBC96D-44ED-4EC4-8400-20D3D42E3C96}.Debug|Any CPU.Build.0 = Debug|Any CPU
		{11EBC96D-44ED-4EC4-8400-20D3D42E3C96}.Debug|Any CPU.Deploy.0 = Debug|Any CPU
		{11EBC96D-44ED-4EC4-8400-20D3D42E3C96}.Release|Any CPU.ActiveCfg = Release|Any CPU
		{11EBC96D-44ED-4EC4-8400-20D3D42E3C96}.Release|Any CPU.Build.0 = Release|Any CPU
		{11EBC96D-44ED-4EC4-8400-20D3D42E3C96}.Release|Any CPU.Deploy.0 = Release|Any CPU
	EndGlobalSection
	GlobalSection(SolutionProperties) = preSolution
		HideSolutionNode = FALSE
	EndGlobalSection
	GlobalSection(ExtensibilityGlobals) = postSolution
		SolutionGuid = {FD814BB7-DC1C-425E-948B-84E905C1AC0E}
	EndGlobalSection
EndGlobal
